
Microsoft Visual Studio Solution File, Format Version 12.00
# Visual Studio Version 16
VisualStudioVersion = 16.0.30517.126
MinimumVisualStudioVersion = 10.0.40219.1
Project("{9A19103F-16F7-4668-BE54-9A1E7A4F7556}") = "Abstraction", "Abstraction\Abstraction.csproj", "{E8F049E4-3C1F-4662-9B1E-3CA787545514}"
EndProject
Project("{9A19103F-16F7-4668-BE54-9A1E7A4F7556}") = "DynamicBinding", "DynamicBinding\DynamicBinding.csproj", "{724A7388-5C8F-4F79-9E09-9E30661A0F47}"
EndProject
Project("{9A19103F-16F7-4668-BE54-9A1E7A4F7556}") = "Interface", "Interface\Interface.csproj", "{AC1F8704-037E-4F12-99C8-E7B4928186D2}"
EndProject
Project("{FAE04EC0-301F-11D3-BF4B-00C04F79EFBC}") = "EventDemonstration", "EventDemonstration\EventDemonstration.csproj", "{26DDC5AE-538E-432A-94F7-429E34FDDC3D}"
EndProject
Project("{FAE04EC0-301F-11D3-BF4B-00C04F79EFBC}") = "MulticastDelegateSample1", "MulticastDelegateSample1\MulticastDelegateSample1.csproj", "{21161669-7FA6-48E2-A75B-63F6CE2E58DA}"
EndProject
Project("{9A19103F-16F7-4668-BE54-9A1E7A4F7556}") = "Linq", "LinqDatenbank\Linq.csproj", "{1EC2D4EA-0F01-42C9-806B-057517C40E74}"
EndProject
Project("{9A19103F-16F7-4668-BE54-9A1E7A4F7556}") = "MvcMovie", "MvcMovie\MvcMovie.csproj", "{95F4134C-D728-4599-A06A-5415FD22749A}"
EndProject
Project("{9A19103F-16F7-4668-BE54-9A1E7A4F7556}") = "EventsAndDelegates", "EventsAndDelegates\EventsAndDelegates.csproj", "{1BAB92C0-CED7-4D89-BD69-5AFEC12302E3}"
EndProject
Project("{FAE04EC0-301F-11D3-BF4B-00C04F79EFBC}") = "ModelFirstSample", "ModelFirstSample\ModelFirstSample.csproj", "{FAFF9E46-8A54-4EEA-9DF0-10C1DFAE089C}"
EndProject
Project("{FAE04EC0-301F-11D3-BF4B-00C04F79EFBC}") = "PersonenDbTest", "PersonenDbTest\PersonenDbTest.csproj", "{F2CE3C92-244A-4CB7-980F-229CDB080EA7}"
EndProject
Project("{FAE04EC0-301F-11D3-BF4B-00C04F79EFBC}") = "WpfPersonenverwaltung", "WpfPersonenverwaltung\WpfPersonenverwaltung.csproj", "{D8B90244-421F-441F-8640-9B763684E803}"
EndProject
Global
	GlobalSection(SolutionConfigurationPlatforms) = preSolution
		Debug|Any CPU = Debug|Any CPU
		Release|Any CPU = Release|Any CPU
	EndGlobalSection
	GlobalSection(ProjectConfigurationPlatforms) = postSolution
		{E8F049E4-3C1F-4662-9B1E-3CA787545514}.Debug|Any CPU.ActiveCfg = Debug|Any CPU
		{E8F049E4-3C1F-4662-9B1E-3CA787545514}.Debug|Any CPU.Build.0 = Debug|Any CPU
		{E8F049E4-3C1F-4662-9B1E-3CA787545514}.Release|Any CPU.ActiveCfg = Release|Any CPU
		{E8F049E4-3C1F-4662-9B1E-3CA787545514}.Release|Any CPU.Build.0 = Release|Any CPU
		{724A7388-5C8F-4F79-9E09-9E30661A0F47}.Debug|Any CPU.ActiveCfg = Debug|Any CPU
		{724A7388-5C8F-4F79-9E09-9E30661A0F47}.Debug|Any CPU.Build.0 = Debug|Any CPU
		{724A7388-5C8F-4F79-9E09-9E30661A0F47}.Release|Any CPU.ActiveCfg = Release|Any CPU
		{724A7388-5C8F-4F79-9E09-9E30661A0F47}.Release|Any CPU.Build.0 = Release|Any CPU
		{AC1F8704-037E-4F12-99C8-E7B4928186D2}.Debug|Any CPU.ActiveCfg = Debug|Any CPU
		{AC1F8704-037E-4F12-99C8-E7B4928186D2}.Debug|Any CPU.Build.0 = Debug|Any CPU
		{AC1F8704-037E-4F12-99C8-E7B4928186D2}.Release|Any CPU.ActiveCfg = Release|Any CPU
		{AC1F8704-037E-4F12-99C8-E7B4928186D2}.Release|Any CPU.Build.0 = Release|Any CPU
		{26DDC5AE-538E-432A-94F7-429E34FDDC3D}.Debug|Any CPU.ActiveCfg = Debug|Any CPU
		{26DDC5AE-538E-432A-94F7-429E34FDDC3D}.Debug|Any CPU.Build.0 = Debug|Any CPU
		{26DDC5AE-538E-432A-94F7-429E34FDDC3D}.Release|Any CPU.ActiveCfg = Release|Any CPU
		{26DDC5AE-538E-432A-94F7-429E34FDDC3D}.Release|Any CPU.Build.0 = Release|Any CPU
		{21161669-7FA6-48E2-A75B-63F6CE2E58DA}.Debug|Any CPU.ActiveCfg = Debug|Any CPU
		{21161669-7FA6-48E2-A75B-63F6CE2E58DA}.Debug|Any CPU.Build.0 = Debug|Any CPU
		{21161669-7FA6-48E2-A75B-63F6CE2E58DA}.Release|Any CPU.ActiveCfg = Release|Any CPU
		{21161669-7FA6-48E2-A75B-63F6CE2E58DA}.Release|Any CPU.Build.0 = Release|Any CPU
		{1EC2D4EA-0F01-42C9-806B-057517C40E74}.Debug|Any CPU.ActiveCfg = Debug|Any CPU
		{1EC2D4EA-0F01-42C9-806B-057517C40E74}.Debug|Any CPU.Build.0 = Debug|Any CPU
		{1EC2D4EA-0F01-42C9-806B-057517C40E74}.Release|Any CPU.ActiveCfg = Release|Any CPU
		{1EC2D4EA-0F01-42C9-806B-057517C40E74}.Release|Any CPU.Build.0 = Release|Any CPU
		{95F4134C-D728-4599-A06A-5415FD22749A}.Debug|Any CPU.ActiveCfg = Debug|Any CPU
		{95F4134C-D728-4599-A06A-5415FD22749A}.Debug|Any CPU.Build.0 = Debug|Any CPU
		{95F4134C-D728-4599-A06A-5415FD22749A}.Release|Any CPU.ActiveCfg = Release|Any CPU
		{95F4134C-D728-4599-A06A-5415FD22749A}.Release|Any CPU.Build.0 = Release|Any CPU
		{1BAB92C0-CED7-4D89-BD69-5AFEC12302E3}.Debug|Any CPU.ActiveCfg = Debug|Any CPU
		{1BAB92C0-CED7-4D89-BD69-5AFEC12302E3}.Debug|Any CPU.Build.0 = Debug|Any CPU
		{1BAB92C0-CED7-4D89-BD69-5AFEC12302E3}.Release|Any CPU.ActiveCfg = Release|Any CPU
		{1BAB92C0-CED7-4D89-BD69-5AFEC12302E3}.Release|Any CPU.Build.0 = Release|Any CPU
		{FAFF9E46-8A54-4EEA-9DF0-10C1DFAE089C}.Debug|Any CPU.ActiveCfg = Debug|Any CPU
		{FAFF9E46-8A54-4EEA-9DF0-10C1DFAE089C}.Debug|Any CPU.Build.0 = Debug|Any CPU
		{FAFF9E46-8A54-4EEA-9DF0-10C1DFAE089C}.Release|Any CPU.ActiveCfg = Release|Any CPU
		{FAFF9E46-8A54-4EEA-9DF0-10C1DFAE089C}.Release|Any CPU.Build.0 = Release|Any CPU
		{F2CE3C92-244A-4CB7-980F-229CDB080EA7}.Debug|Any CPU.ActiveCfg = Debug|Any CPU
		{F2CE3C92-244A-4CB7-980F-229CDB080EA7}.Debug|Any CPU.Build.0 = Debug|Any CPU
		{F2CE3C92-244A-4CB7-980F-229CDB080EA7}.Release|Any CPU.ActiveCfg = Release|Any CPU
		{F2CE3C92-244A-4CB7-980F-229CDB080EA7}.Release|Any CPU.Build.0 = Release|Any CPU
		{D8B90244-421F-441F-8640-9B763684E803}.Debug|Any CPU.ActiveCfg = Debug|Any CPU
		{D8B90244-421F-441F-8640-9B763684E803}.Debug|Any CPU.Build.0 = Debug|Any CPU
		{D8B90244-421F-441F-8640-9B763684E803}.Release|Any CPU.ActiveCfg = Release|Any CPU
		{D8B90244-421F-441F-8640-9B763684E803}.Release|Any CPU.Build.0 = Release|Any CPU
	EndGlobalSection
	GlobalSection(SolutionProperties) = preSolution
		HideSolutionNode = FALSE
	EndGlobalSection
	GlobalSection(ExtensibilityGlobals) = postSolution
		SolutionGuid = {4BCB3A9B-2E5D-4675-BA8C-5694353B6DF5}
	EndGlobalSection
EndGlobal
